// !$*UTF8*$!
{
	archiveVersion = 1;
	classes = {
	};
	objectVersion = 46;
	objects = {

/* Begin PBXBuildFile section */
		0A345AF119D5DA9E00E3C01F /* main.m in Sources */ = {isa = PBXBuildFile; fileRef = 0A345AF019D5DA9E00E3C01F /* main.m */; };
		0A345AF419D5DA9E00E3C01F /* AppDelegate.m in Sources */ = {isa = PBXBuildFile; fileRef = 0A345AF319D5DA9E00E3C01F /* AppDelegate.m */; };
		0A345AF719D5DA9E00E3C01F /* JsonModelGenTest.xcdatamodeld in Sources */ = {isa = PBXBuildFile; fileRef = 0A345AF519D5DA9E00E3C01F /* JsonModelGenTest.xcdatamodeld */; };
		0A345AFA19D5DA9E00E3C01F /* MasterViewController.m in Sources */ = {isa = PBXBuildFile; fileRef = 0A345AF919D5DA9E00E3C01F /* MasterViewController.m */; };
		0A345AFD19D5DA9E00E3C01F /* DetailViewController.m in Sources */ = {isa = PBXBuildFile; fileRef = 0A345AFC19D5DA9E00E3C01F /* DetailViewController.m */; };
		0A345B0019D5DA9E00E3C01F /* Main.storyboard in Resources */ = {isa = PBXBuildFile; fileRef = 0A345AFE19D5DA9E00E3C01F /* Main.storyboard */; };
		0A345B0219D5DA9E00E3C01F /* Images.xcassets in Resources */ = {isa = PBXBuildFile; fileRef = 0A345B0119D5DA9E00E3C01F /* Images.xcassets */; };
		0A345B0519D5DA9E00E3C01F /* LaunchScreen.xib in Resources */ = {isa = PBXBuildFile; fileRef = 0A345B0319D5DA9E00E3C01F /* LaunchScreen.xib */; };
		0A345B1119D5DA9E00E3C01F /* JsonModelGenTestTests.m in Sources */ = {isa = PBXBuildFile; fileRef = 0A345B1019D5DA9E00E3C01F /* JsonModelGenTestTests.m */; };
		0A345BB619D6135B00E3C01F /* TRJsonBase.m in Sources */ = {isa = PBXBuildFile; fileRef = 0A345BB519D6135B00E3C01F /* TRJsonBase.m */; };
		0A5CD0D91A8191A400E6E3BB /* yajl.c in Sources */ = {isa = PBXBuildFile; fileRef = 0A5CD0BA1A8191A400E6E3BB /* yajl.c */; };
		0A5CD0DA1A8191A400E6E3BB /* yajl.c in Sources */ = {isa = PBXBuildFile; fileRef = 0A5CD0BA1A8191A400E6E3BB /* yajl.c */; };
		0A5CD0DB1A8191A400E6E3BB /* yajl_alloc.c in Sources */ = {isa = PBXBuildFile; fileRef = 0A5CD0BB1A8191A400E6E3BB /* yajl_alloc.c */; };
		0A5CD0DC1A8191A400E6E3BB /* yajl_alloc.c in Sources */ = {isa = PBXBuildFile; fileRef = 0A5CD0BB1A8191A400E6E3BB /* yajl_alloc.c */; };
		0A5CD0DD1A8191A400E6E3BB /* yajl_buf.c in Sources */ = {isa = PBXBuildFile; fileRef = 0A5CD0BD1A8191A400E6E3BB /* yajl_buf.c */; };
		0A5CD0DE1A8191A400E6E3BB /* yajl_buf.c in Sources */ = {isa = PBXBuildFile; fileRef = 0A5CD0BD1A8191A400E6E3BB /* yajl_buf.c */; };
		0A5CD0DF1A8191A400E6E3BB /* yajl_encode.c in Sources */ = {isa = PBXBuildFile; fileRef = 0A5CD0C01A8191A400E6E3BB /* yajl_encode.c */; };
		0A5CD0E01A8191A400E6E3BB /* yajl_encode.c in Sources */ = {isa = PBXBuildFile; fileRef = 0A5CD0C01A8191A400E6E3BB /* yajl_encode.c */; };
		0A5CD0E11A8191A400E6E3BB /* yajl_gen.c in Sources */ = {isa = PBXBuildFile; fileRef = 0A5CD0C21A8191A400E6E3BB /* yajl_gen.c */; };
		0A5CD0E21A8191A400E6E3BB /* yajl_gen.c in Sources */ = {isa = PBXBuildFile; fileRef = 0A5CD0C21A8191A400E6E3BB /* yajl_gen.c */; };
		0A5CD0E31A8191A400E6E3BB /* yajl_lex.c in Sources */ = {isa = PBXBuildFile; fileRef = 0A5CD0C31A8191A400E6E3BB /* yajl_lex.c */; };
		0A5CD0E41A8191A400E6E3BB /* yajl_lex.c in Sources */ = {isa = PBXBuildFile; fileRef = 0A5CD0C31A8191A400E6E3BB /* yajl_lex.c */; };
		0A5CD0E51A8191A400E6E3BB /* yajl_parser.c in Sources */ = {isa = PBXBuildFile; fileRef = 0A5CD0C51A8191A400E6E3BB /* yajl_parser.c */; };
		0A5CD0E61A8191A400E6E3BB /* yajl_parser.c in Sources */ = {isa = PBXBuildFile; fileRef = 0A5CD0C51A8191A400E6E3BB /* yajl_parser.c */; };
		0A5CD0E71A8191A400E6E3BB /* yajl_tree.c in Sources */ = {isa = PBXBuildFile; fileRef = 0A5CD0C71A8191A400E6E3BB /* yajl_tree.c */; };
		0A5CD0E81A8191A400E6E3BB /* yajl_tree.c in Sources */ = {isa = PBXBuildFile; fileRef = 0A5CD0C71A8191A400E6E3BB /* yajl_tree.c */; };
		0A5CD0E91A8191A400E6E3BB /* yajl_version.c in Sources */ = {isa = PBXBuildFile; fileRef = 0A5CD0C81A8191A400E6E3BB /* yajl_version.c */; };
		0A5CD0EA1A8191A400E6E3BB /* yajl_version.c in Sources */ = {isa = PBXBuildFile; fileRef = 0A5CD0C81A8191A400E6E3BB /* yajl_version.c */; };
		0A5CD0EB1A8191A400E6E3BB /* ISO8601DateFormatter.m in Sources */ = {isa = PBXBuildFile; fileRef = 0A5CD0CA1A8191A400E6E3BB /* ISO8601DateFormatter.m */; };
		0A5CD0EC1A8191A400E6E3BB /* ISO8601DateFormatter.m in Sources */ = {isa = PBXBuildFile; fileRef = 0A5CD0CA1A8191A400E6E3BB /* ISO8601DateFormatter.m */; };
		0A5CD0ED1A8191A400E6E3BB /* JSONModelSchema.m in Sources */ = {isa = PBXBuildFile; fileRef = 0A5CD0CC1A8191A400E6E3BB /* JSONModelSchema.m */; };
		0A5CD0EE1A8191A400E6E3BB /* JSONModelSchema.m in Sources */ = {isa = PBXBuildFile; fileRef = 0A5CD0CC1A8191A400E6E3BB /* JSONModelSchema.m */; };
		0A5CD0EF1A8191A400E6E3BB /* JSONMorphoModel.m in Sources */ = {isa = PBXBuildFile; fileRef = 0A5CD0CF1A8191A400E6E3BB /* JSONMorphoModel.m */; };
		0A5CD0F01A8191A400E6E3BB /* JSONMorphoModel.m in Sources */ = {isa = PBXBuildFile; fileRef = 0A5CD0CF1A8191A400E6E3BB /* JSONMorphoModel.m */; };
		0A5CD0F11A8191A400E6E3BB /* TRFriends.m in Sources */ = {isa = PBXBuildFile; fileRef = 0A5CD0D11A8191A400E6E3BB /* TRFriends.m */; };
		0A5CD0F21A8191A400E6E3BB /* TRFriends.m in Sources */ = {isa = PBXBuildFile; fileRef = 0A5CD0D11A8191A400E6E3BB /* TRFriends.m */; };
		0A5CD0F31A8191A400E6E3BB /* TRJSONModelLoader.m in Sources */ = {isa = PBXBuildFile; fileRef = 0A5CD0D31A8191A400E6E3BB /* TRJSONModelLoader.m */; };
		0A5CD0F41A8191A400E6E3BB /* TRJSONModelLoader.m in Sources */ = {isa = PBXBuildFile; fileRef = 0A5CD0D31A8191A400E6E3BB /* TRJSONModelLoader.m */; };
		0A5CD0F51A8191A400E6E3BB /* TRName.m in Sources */ = {isa = PBXBuildFile; fileRef = 0A5CD0D61A8191A400E6E3BB /* TRName.m */; };
		0A5CD0F61A8191A400E6E3BB /* TRName.m in Sources */ = {isa = PBXBuildFile; fileRef = 0A5CD0D61A8191A400E6E3BB /* TRName.m */; };
		0A5CD0F71A8191A400E6E3BB /* TRTestData.m in Sources */ = {isa = PBXBuildFile; fileRef = 0A5CD0D81A8191A400E6E3BB /* TRTestData.m */; };
		0A5CD0F81A8191A400E6E3BB /* TRTestData.m in Sources */ = {isa = PBXBuildFile; fileRef = 0A5CD0D81A8191A400E6E3BB /* TRTestData.m */; };
		0A5CD0FB1A819EB100E6E3BB /* js2model-test-data.json in Resources */ = {isa = PBXBuildFile; fileRef = 0A5CD0F91A819EB100E6E3BB /* js2model-test-data.json */; };
		0ABA05141A8955FE004A8A4C /* js2model-test-data.json in Resources */ = {isa = PBXBuildFile; fileRef = 0ABA05131A8955FE004A8A4C /* js2model-test-data.json */; };
/* End PBXBuildFile section */

/* Begin PBXContainerItemProxy section */
		0A345B0B19D5DA9E00E3C01F /* PBXContainerItemProxy */ = {
			isa = PBXContainerItemProxy;
			containerPortal = 0A345AE319D5DA9E00E3C01F /* Project object */;
			proxyType = 1;
			remoteGlobalIDString = 0A345AEA19D5DA9E00E3C01F;
			remoteInfo = JsonModelGenTest;
		};
/* End PBXContainerItemProxy section */

/* Begin PBXFileReference section */
		0A345AEB19D5DA9E00E3C01F /* JsonModelGenTest.app */ = {isa = PBXFileReference; explicitFileType = wrapper.application; includeInIndex = 0; path = JsonModelGenTest.app; sourceTree = BUILT_PRODUCTS_DIR; };
		0A345AEF19D5DA9E00E3C01F /* Info.plist */ = {isa = PBXFileReference; lastKnownFileType = text.plist.xml; path = Info.plist; sourceTree = "<group>"; };
		0A345AF019D5DA9E00E3C01F /* main.m */ = {isa = PBXFileReference; lastKnownFileType = sourcecode.c.objc; path = main.m; sourceTree = "<group>"; };
		0A345AF219D5DA9E00E3C01F /* AppDelegate.h */ = {isa = PBXFileReference; lastKnownFileType = sourcecode.c.h; path = AppDelegate.h; sourceTree = "<group>"; };
		0A345AF319D5DA9E00E3C01F /* AppDelegate.m */ = {isa = PBXFileReference; lastKnownFileType = sourcecode.c.objc; path = AppDelegate.m; sourceTree = "<group>"; };
		0A345AF619D5DA9E00E3C01F /* JsonModelGenTest.xcdatamodel */ = {isa = PBXFileReference; lastKnownFileType = wrapper.xcdatamodel; path = JsonModelGenTest.xcdatamodel; sourceTree = "<group>"; };
		0A345AF819D5DA9E00E3C01F /* MasterViewController.h */ = {isa = PBXFileReference; lastKnownFileType = sourcecode.c.h; path = MasterViewController.h; sourceTree = "<group>"; };
		0A345AF919D5DA9E00E3C01F /* MasterViewController.m */ = {isa = PBXFileReference; lastKnownFileType = sourcecode.c.objc; path = MasterViewController.m; sourceTree = "<group>"; };
		0A345AFB19D5DA9E00E3C01F /* DetailViewController.h */ = {isa = PBXFileReference; lastKnownFileType = sourcecode.c.h; path = DetailViewController.h; sourceTree = "<group>"; };
		0A345AFC19D5DA9E00E3C01F /* DetailViewController.m */ = {isa = PBXFileReference; lastKnownFileType = sourcecode.c.objc; path = DetailViewController.m; sourceTree = "<group>"; };
		0A345AFF19D5DA9E00E3C01F /* Base */ = {isa = PBXFileReference; lastKnownFileType = file.storyboard; name = Base; path = Base.lproj/Main.storyboard; sourceTree = "<group>"; };
		0A345B0119D5DA9E00E3C01F /* Images.xcassets */ = {isa = PBXFileReference; lastKnownFileType = folder.assetcatalog; path = Images.xcassets; sourceTree = "<group>"; };
		0A345B0419D5DA9E00E3C01F /* Base */ = {isa = PBXFileReference; lastKnownFileType = file.xib; name = Base; path = Base.lproj/LaunchScreen.xib; sourceTree = "<group>"; };
		0A345B0A19D5DA9E00E3C01F /* JsonModelGenTestTests.xctest */ = {isa = PBXFileReference; explicitFileType = wrapper.cfbundle; includeInIndex = 0; path = JsonModelGenTestTests.xctest; sourceTree = BUILT_PRODUCTS_DIR; };
		0A345B0F19D5DA9E00E3C01F /* Info.plist */ = {isa = PBXFileReference; lastKnownFileType = text.plist.xml; path = Info.plist; sourceTree = "<group>"; };
		0A345B1019D5DA9E00E3C01F /* JsonModelGenTestTests.m */ = {isa = PBXFileReference; lastKnownFileType = sourcecode.c.objc; path = JsonModelGenTestTests.m; sourceTree = "<group>"; };
		0A345BB419D6135B00E3C01F /* TRJsonBase.h */ = {isa = PBXFileReference; fileEncoding = 4; lastKnownFileType = sourcecode.c.h; name = TRJsonBase.h; path = ../TRJsonBase.h; sourceTree = "<group>"; };
		0A345BB519D6135B00E3C01F /* TRJsonBase.m */ = {isa = PBXFileReference; fileEncoding = 4; lastKnownFileType = sourcecode.c.objc; name = TRJsonBase.m; path = ../TRJsonBase.m; sourceTree = "<group>"; };
		0A5CD0B51A8191A400E6E3BB /* yajl_common.h */ = {isa = PBXFileReference; fileEncoding = 4; lastKnownFileType = sourcecode.c.h; path = yajl_common.h; sourceTree = "<group>"; };
		0A5CD0B61A8191A400E6E3BB /* yajl_gen.h */ = {isa = PBXFileReference; fileEncoding = 4; lastKnownFileType = sourcecode.c.h; path = yajl_gen.h; sourceTree = "<group>"; };
		0A5CD0B71A8191A400E6E3BB /* yajl_parse.h */ = {isa = PBXFileReference; fileEncoding = 4; lastKnownFileType = sourcecode.c.h; path = yajl_parse.h; sourceTree = "<group>"; };
		0A5CD0B81A8191A400E6E3BB /* yajl_tree.h */ = {isa = PBXFileReference; fileEncoding = 4; lastKnownFileType = sourcecode.c.h; path = yajl_tree.h; sourceTree = "<group>"; };
		0A5CD0B91A8191A400E6E3BB /* yajl_version.h */ = {isa = PBXFileReference; fileEncoding = 4; lastKnownFileType = sourcecode.c.h; path = yajl_version.h; sourceTree = "<group>"; };
		0A5CD0BA1A8191A400E6E3BB /* yajl.c */ = {isa = PBXFileReference; fileEncoding = 4; lastKnownFileType = sourcecode.c.c; path = yajl.c; sourceTree = "<group>"; };
		0A5CD0BB1A8191A400E6E3BB /* yajl_alloc.c */ = {isa = PBXFileReference; fileEncoding = 4; lastKnownFileType = sourcecode.c.c; path = yajl_alloc.c; sourceTree = "<group>"; };
		0A5CD0BC1A8191A400E6E3BB /* yajl_alloc.h */ = {isa = PBXFileReference; fileEncoding = 4; lastKnownFileType = sourcecode.c.h; path = yajl_alloc.h; sourceTree = "<group>"; };
		0A5CD0BD1A8191A400E6E3BB /* yajl_buf.c */ = {isa = PBXFileReference; fileEncoding = 4; lastKnownFileType = sourcecode.c.c; path = yajl_buf.c; sourceTree = "<group>"; };
		0A5CD0BE1A8191A400E6E3BB /* yajl_buf.h */ = {isa = PBXFileReference; fileEncoding = 4; lastKnownFileType = sourcecode.c.h; path = yajl_buf.h; sourceTree = "<group>"; };
		0A5CD0BF1A8191A400E6E3BB /* yajl_bytestack.h */ = {isa = PBXFileReference; fileEncoding = 4; lastKnownFileType = sourcecode.c.h; path = yajl_bytestack.h; sourceTree = "<group>"; };
		0A5CD0C01A8191A400E6E3BB /* yajl_encode.c */ = {isa = PBXFileReference; fileEncoding = 4; lastKnownFileType = sourcecode.c.c; path = yajl_encode.c; sourceTree = "<group>"; };
		0A5CD0C11A8191A400E6E3BB /* yajl_encode.h */ = {isa = PBXFileReference; fileEncoding = 4; lastKnownFileType = sourcecode.c.h; path = yajl_encode.h; sourceTree = "<group>"; };
		0A5CD0C21A8191A400E6E3BB /* yajl_gen.c */ = {isa = PBXFileReference; fileEncoding = 4; lastKnownFileType = sourcecode.c.c; path = yajl_gen.c; sourceTree = "<group>"; };
		0A5CD0C31A8191A400E6E3BB /* yajl_lex.c */ = {isa = PBXFileReference; fileEncoding = 4; lastKnownFileType = sourcecode.c.c; path = yajl_lex.c; sourceTree = "<group>"; };
		0A5CD0C41A8191A400E6E3BB /* yajl_lex.h */ = {isa = PBXFileReference; fileEncoding = 4; lastKnownFileType = sourcecode.c.h; path = yajl_lex.h; sourceTree = "<group>"; };
		0A5CD0C51A8191A400E6E3BB /* yajl_parser.c */ = {isa = PBXFileReference; fileEncoding = 4; lastKnownFileType = sourcecode.c.c; path = yajl_parser.c; sourceTree = "<group>"; };
		0A5CD0C61A8191A400E6E3BB /* yajl_parser.h */ = {isa = PBXFileReference; fileEncoding = 4; lastKnownFileType = sourcecode.c.h; path = yajl_parser.h; sourceTree = "<group>"; };
		0A5CD0C71A8191A400E6E3BB /* yajl_tree.c */ = {isa = PBXFileReference; fileEncoding = 4; lastKnownFileType = sourcecode.c.c; path = yajl_tree.c; sourceTree = "<group>"; };
		0A5CD0C81A8191A400E6E3BB /* yajl_version.c */ = {isa = PBXFileReference; fileEncoding = 4; lastKnownFileType = sourcecode.c.c; path = yajl_version.c; sourceTree = "<group>"; };
		0A5CD0C91A8191A400E6E3BB /* ISO8601DateFormatter.h */ = {isa = PBXFileReference; fileEncoding = 4; lastKnownFileType = sourcecode.c.h; path = ISO8601DateFormatter.h; sourceTree = "<group>"; };
		0A5CD0CA1A8191A400E6E3BB /* ISO8601DateFormatter.m */ = {isa = PBXFileReference; fileEncoding = 4; lastKnownFileType = sourcecode.c.objc; path = ISO8601DateFormatter.m; sourceTree = "<group>"; };
		0A5CD0CB1A8191A400E6E3BB /* JSONModelSchema.h */ = {isa = PBXFileReference; fileEncoding = 4; lastKnownFileType = sourcecode.c.h; path = JSONModelSchema.h; sourceTree = "<group>"; };
		0A5CD0CC1A8191A400E6E3BB /* JSONModelSchema.m */ = {isa = PBXFileReference; fileEncoding = 4; lastKnownFileType = sourcecode.c.objc; path = JSONModelSchema.m; sourceTree = "<group>"; };
		0A5CD0CD1A8191A400E6E3BB /* JSONModelSerialize.h */ = {isa = PBXFileReference; fileEncoding = 4; lastKnownFileType = sourcecode.c.h; path = JSONModelSerialize.h; sourceTree = "<group>"; };
		0A5CD0CE1A8191A400E6E3BB /* JSONMorphoModel.h */ = {isa = PBXFileReference; fileEncoding = 4; lastKnownFileType = sourcecode.c.h; path = JSONMorphoModel.h; sourceTree = "<group>"; };
		0A5CD0CF1A8191A400E6E3BB /* JSONMorphoModel.m */ = {isa = PBXFileReference; fileEncoding = 4; lastKnownFileType = sourcecode.c.objc; path = JSONMorphoModel.m; sourceTree = "<group>"; };
		0A5CD0D01A8191A400E6E3BB /* TRFriends.h */ = {isa = PBXFileReference; fileEncoding = 4; lastKnownFileType = sourcecode.c.h; path = TRFriends.h; sourceTree = "<group>"; };
		0A5CD0D11A8191A400E6E3BB /* TRFriends.m */ = {isa = PBXFileReference; fileEncoding = 4; lastKnownFileType = sourcecode.c.objc; path = TRFriends.m; sourceTree = "<group>"; };
		0A5CD0D21A8191A400E6E3BB /* TRJSONModelLoader.h */ = {isa = PBXFileReference; fileEncoding = 4; lastKnownFileType = sourcecode.c.h; path = TRJSONModelLoader.h; sourceTree = "<group>"; };
		0A5CD0D31A8191A400E6E3BB /* TRJSONModelLoader.m */ = {isa = PBXFileReference; fileEncoding = 4; lastKnownFileType = sourcecode.c.objc; path = TRJSONModelLoader.m; sourceTree = "<group>"; };
		0A5CD0D41A8191A400E6E3BB /* TRModels.h */ = {isa = PBXFileReference; fileEncoding = 4; lastKnownFileType = sourcecode.c.h; path = TRModels.h; sourceTree = "<group>"; };
		0A5CD0D51A8191A400E6E3BB /* TRName.h */ = {isa = PBXFileReference; fileEncoding = 4; lastKnownFileType = sourcecode.c.h; path = TRName.h; sourceTree = "<group>"; };
		0A5CD0D61A8191A400E6E3BB /* TRName.m */ = {isa = PBXFileReference; fileEncoding = 4; lastKnownFileType = sourcecode.c.objc; path = TRName.m; sourceTree = "<group>"; };
		0A5CD0D71A8191A400E6E3BB /* TRTestData.h */ = {isa = PBXFileReference; fileEncoding = 4; lastKnownFileType = sourcecode.c.h; path = TRTestData.h; sourceTree = "<group>"; };
		0A5CD0D81A8191A400E6E3BB /* TRTestData.m */ = {isa = PBXFileReference; fileEncoding = 4; lastKnownFileType = sourcecode.c.objc; path = TRTestData.m; sourceTree = "<group>"; };
		0A5CD0F91A819EB100E6E3BB /* js2model-test-data.json */ = {isa = PBXFileReference; fileEncoding = 4; lastKnownFileType = text.json; path = "js2model-test-data.json"; sourceTree = "<group>"; };
		0ABA05131A8955FE004A8A4C /* js2model-test-data.json */ = {isa = PBXFileReference; fileEncoding = 4; lastKnownFileType = text.json; name = "js2model-test-data.json"; path = "../../jsonData/js2model-test-data.json"; sourceTree = "<group>"; };
/* End PBXFileReference section */

/* Begin PBXFrameworksBuildPhase section */
		0A345AE819D5DA9E00E3C01F /* Frameworks */ = {
			isa = PBXFrameworksBuildPhase;
			buildActionMask = 2147483647;
			files = (
			);
			runOnlyForDeploymentPostprocessing = 0;
		};
		0A345B0719D5DA9E00E3C01F /* Frameworks */ = {
			isa = PBXFrameworksBuildPhase;
			buildActionMask = 2147483647;
			files = (
			);
			runOnlyForDeploymentPostprocessing = 0;
		};
/* End PBXFrameworksBuildPhase section */

/* Begin PBXGroup section */
		0A345AE219D5DA9E00E3C01F = {
			isa = PBXGroup;
			children = (
				0A345AED19D5DA9E00E3C01F /* JsonModelGenTest */,
				0A345B0D19D5DA9E00E3C01F /* JsonModelGenTestTests */,
				0A345AEC19D5DA9E00E3C01F /* Products */,
			);
			sourceTree = "<group>";
		};
		0A345AEC19D5DA9E00E3C01F /* Products */ = {
			isa = PBXGroup;
			children = (
				0A345AEB19D5DA9E00E3C01F /* JsonModelGenTest.app */,
				0A345B0A19D5DA9E00E3C01F /* JsonModelGenTestTests.xctest */,
			);
			name = Products;
			sourceTree = "<group>";
		};
		0A345AED19D5DA9E00E3C01F /* JsonModelGenTest */ = {
			isa = PBXGroup;
			children = (
				0A345B1A19D5DC7000E3C01F /* JsonModels */,
				0A345AF219D5DA9E00E3C01F /* AppDelegate.h */,
				0A345AF319D5DA9E00E3C01F /* AppDelegate.m */,
				0A345AF819D5DA9E00E3C01F /* MasterViewController.h */,
				0A345AF919D5DA9E00E3C01F /* MasterViewController.m */,
				0A345AFB19D5DA9E00E3C01F /* DetailViewController.h */,
				0A345AFC19D5DA9E00E3C01F /* DetailViewController.m */,
				0A345AFE19D5DA9E00E3C01F /* Main.storyboard */,
				0A345B0119D5DA9E00E3C01F /* Images.xcassets */,
				0A345B0319D5DA9E00E3C01F /* LaunchScreen.xib */,
				0A345AF519D5DA9E00E3C01F /* JsonModelGenTest.xcdatamodeld */,
				0A345AEE19D5DA9E00E3C01F /* Supporting Files */,
			);
			path = JsonModelGenTest;
			sourceTree = "<group>";
		};
		0A345AEE19D5DA9E00E3C01F /* Supporting Files */ = {
			isa = PBXGroup;
			children = (
				0ABA05131A8955FE004A8A4C /* js2model-test-data.json */,
				0A345AEF19D5DA9E00E3C01F /* Info.plist */,
				0A345AF019D5DA9E00E3C01F /* main.m */,
			);
			name = "Supporting Files";
			sourceTree = "<group>";
		};
		0A345B0D19D5DA9E00E3C01F /* JsonModelGenTestTests */ = {
			isa = PBXGroup;
			children = (
				0A345B1019D5DA9E00E3C01F /* JsonModelGenTestTests.m */,
				0A345B0E19D5DA9E00E3C01F /* Supporting Files */,
			);
			path = JsonModelGenTestTests;
			sourceTree = "<group>";
		};
		0A345B0E19D5DA9E00E3C01F /* Supporting Files */ = {
			isa = PBXGroup;
			children = (
				0A5CD0F91A819EB100E6E3BB /* js2model-test-data.json */,
				0A345B0F19D5DA9E00E3C01F /* Info.plist */,
			);
			name = "Supporting Files";
			sourceTree = "<group>";
		};
		0A345B1A19D5DC7000E3C01F /* JsonModels */ = {
			isa = PBXGroup;
			children = (
				0A5CD0B11A8191A400E6E3BB /* dependencies */,
				0A345BB419D6135B00E3C01F /* TRJsonBase.h */,
				0A345BB519D6135B00E3C01F /* TRJsonBase.m */,
				0A5CD0C91A8191A400E6E3BB /* ISO8601DateFormatter.h */,
				0A5CD0CA1A8191A400E6E3BB /* ISO8601DateFormatter.m */,
				0A5CD0CB1A8191A400E6E3BB /* JSONModelSchema.h */,
				0A5CD0CC1A8191A400E6E3BB /* JSONModelSchema.m */,
				0A5CD0CD1A8191A400E6E3BB /* JSONModelSerialize.h */,
				0A5CD0CE1A8191A400E6E3BB /* JSONMorphoModel.h */,
				0A5CD0CF1A8191A400E6E3BB /* JSONMorphoModel.m */,
				0A5CD0D01A8191A400E6E3BB /* TRFriends.h */,
				0A5CD0D11A8191A400E6E3BB /* TRFriends.m */,
				0A5CD0D21A8191A400E6E3BB /* TRJSONModelLoader.h */,
				0A5CD0D31A8191A400E6E3BB /* TRJSONModelLoader.m */,
				0A5CD0D41A8191A400E6E3BB /* TRModels.h */,
				0A5CD0D51A8191A400E6E3BB /* TRName.h */,
				0A5CD0D61A8191A400E6E3BB /* TRName.m */,
				0A5CD0D71A8191A400E6E3BB /* TRTestData.h */,
				0A5CD0D81A8191A400E6E3BB /* TRTestData.m */,
			);
			path = JsonModels;
			sourceTree = "<group>";
		};
		0A5CD0B11A8191A400E6E3BB /* dependencies */ = {
			isa = PBXGroup;
			children = (
				0A5CD0B21A8191A400E6E3BB /* api */,
				0A5CD0B31A8191A400E6E3BB /* yajl */,
			);
			path = dependencies;
			sourceTree = "<group>";
		};
		0A5CD0B21A8191A400E6E3BB /* api */ = {
			isa = PBXGroup;
			children = (
			);
			path = api;
			sourceTree = "<group>";
		};
		0A5CD0B31A8191A400E6E3BB /* yajl */ = {
			isa = PBXGroup;
			children = (
				0A5CD0B41A8191A400E6E3BB /* api */,
				0A5CD0BA1A8191A400E6E3BB /* yajl.c */,
				0A5CD0BB1A8191A400E6E3BB /* yajl_alloc.c */,
				0A5CD0BC1A8191A400E6E3BB /* yajl_alloc.h */,
				0A5CD0BD1A8191A400E6E3BB /* yajl_buf.c */,
				0A5CD0BE1A8191A400E6E3BB /* yajl_buf.h */,
				0A5CD0BF1A8191A400E6E3BB /* yajl_bytestack.h */,
				0A5CD0C01A8191A400E6E3BB /* yajl_encode.c */,
				0A5CD0C11A8191A400E6E3BB /* yajl_encode.h */,
				0A5CD0C21A8191A400E6E3BB /* yajl_gen.c */,
				0A5CD0C31A8191A400E6E3BB /* yajl_lex.c */,
				0A5CD0C41A8191A400E6E3BB /* yajl_lex.h */,
				0A5CD0C51A8191A400E6E3BB /* yajl_parser.c */,
				0A5CD0C61A8191A400E6E3BB /* yajl_parser.h */,
				0A5CD0C71A8191A400E6E3BB /* yajl_tree.c */,
				0A5CD0C81A8191A400E6E3BB /* yajl_version.c */,
			);
			path = yajl;
			sourceTree = "<group>";
		};
		0A5CD0B41A8191A400E6E3BB /* api */ = {
			isa = PBXGroup;
			children = (
				0A5CD0B51A8191A400E6E3BB /* yajl_common.h */,
				0A5CD0B61A8191A400E6E3BB /* yajl_gen.h */,
				0A5CD0B71A8191A400E6E3BB /* yajl_parse.h */,
				0A5CD0B81A8191A400E6E3BB /* yajl_tree.h */,
				0A5CD0B91A8191A400E6E3BB /* yajl_version.h */,
			);
			path = api;
			sourceTree = "<group>";
		};
/* End PBXGroup section */

/* Begin PBXNativeTarget section */
		0A345AEA19D5DA9E00E3C01F /* JsonModelGenTest */ = {
			isa = PBXNativeTarget;
			buildConfigurationList = 0A345B1419D5DA9E00E3C01F /* Build configuration list for PBXNativeTarget "JsonModelGenTest" */;
			buildPhases = (
				0A345AE719D5DA9E00E3C01F /* Sources */,
				0A345AE819D5DA9E00E3C01F /* Frameworks */,
				0A345AE919D5DA9E00E3C01F /* Resources */,
			);
			buildRules = (
			);
			dependencies = (
			);
			name = JsonModelGenTest;
			productName = JsonModelGenTest;
			productReference = 0A345AEB19D5DA9E00E3C01F /* JsonModelGenTest.app */;
			productType = "com.apple.product-type.application";
		};
		0A345B0919D5DA9E00E3C01F /* JsonModelGenTestTests */ = {
			isa = PBXNativeTarget;
			buildConfigurationList = 0A345B1719D5DA9E00E3C01F /* Build configuration list for PBXNativeTarget "JsonModelGenTestTests" */;
			buildPhases = (
				0A345B0619D5DA9E00E3C01F /* Sources */,
				0A345B0719D5DA9E00E3C01F /* Frameworks */,
				0A345B0819D5DA9E00E3C01F /* Resources */,
			);
			buildRules = (
			);
			dependencies = (
				0A345B0C19D5DA9E00E3C01F /* PBXTargetDependency */,
			);
			name = JsonModelGenTestTests;
			productName = JsonModelGenTestTests;
			productReference = 0A345B0A19D5DA9E00E3C01F /* JsonModelGenTestTests.xctest */;
			productType = "com.apple.product-type.bundle.unit-test";
		};
/* End PBXNativeTarget section */

/* Begin PBXProject section */
		0A345AE319D5DA9E00E3C01F /* Project object */ = {
			isa = PBXProject;
			attributes = {
				LastUpgradeCheck = 0600;
				ORGANIZATIONNAME = "Thomson Reuters";
				TargetAttributes = {
					0A345AEA19D5DA9E00E3C01F = {
						CreatedOnToolsVersion = 6.0;
					};
					0A345B0919D5DA9E00E3C01F = {
						CreatedOnToolsVersion = 6.0;
						TestTargetID = 0A345AEA19D5DA9E00E3C01F;
					};
				};
			};
			buildConfigurationList = 0A345AE619D5DA9E00E3C01F /* Build configuration list for PBXProject "JsonModelGenTest" */;
			compatibilityVersion = "Xcode 3.2";
			developmentRegion = English;
			hasScannedForEncodings = 0;
			knownRegions = (
				en,
				Base,
			);
			mainGroup = 0A345AE219D5DA9E00E3C01F;
			productRefGroup = 0A345AEC19D5DA9E00E3C01F /* Products */;
			projectDirPath = "";
			projectRoot = "";
			targets = (
				0A345AEA19D5DA9E00E3C01F /* JsonModelGenTest */,
				0A345B0919D5DA9E00E3C01F /* JsonModelGenTestTests */,
			);
		};
/* End PBXProject section */

/* Begin PBXResourcesBuildPhase section */
		0A345AE919D5DA9E00E3C01F /* Resources */ = {
			isa = PBXResourcesBuildPhase;
			buildActionMask = 2147483647;
			files = (
				0A345B0019D5DA9E00E3C01F /* Main.storyboard in Resources */,
				0A345B0519D5DA9E00E3C01F /* LaunchScreen.xib in Resources */,
				0A345B0219D5DA9E00E3C01F /* Images.xcassets in Resources */,
				0ABA05141A8955FE004A8A4C /* js2model-test-data.json in Resources */,
			);
			runOnlyForDeploymentPostprocessing = 0;
		};
		0A345B0819D5DA9E00E3C01F /* Resources */ = {
			isa = PBXResourcesBuildPhase;
			buildActionMask = 2147483647;
			files = (
				0A5CD0FB1A819EB100E6E3BB /* js2model-test-data.json in Resources */,
			);
			runOnlyForDeploymentPostprocessing = 0;
		};
/* End PBXResourcesBuildPhase section */

/* Begin PBXSourcesBuildPhase section */
		0A345AE719D5DA9E00E3C01F /* Sources */ = {
			isa = PBXSourcesBuildPhase;
			buildActionMask = 2147483647;
			files = (
				0A5CD0DD1A8191A400E6E3BB /* yajl_buf.c in Sources */,
				0A5CD0F51A8191A400E6E3BB /* TRName.m in Sources */,
				0A345AFD19D5DA9E00E3C01F /* DetailViewController.m in Sources */,
				0A5CD0F71A8191A400E6E3BB /* TRTestData.m in Sources */,
				0A345BB619D6135B00E3C01F /* TRJsonBase.m in Sources */,
				0A345AFA19D5DA9E00E3C01F /* MasterViewController.m in Sources */,
				0A5CD0E91A8191A400E6E3BB /* yajl_version.c in Sources */,
				0A345AF419D5DA9E00E3C01F /* AppDelegate.m in Sources */,
				0A5CD0E71A8191A400E6E3BB /* yajl_tree.c in Sources */,
				0A5CD0D91A8191A400E6E3BB /* yajl.c in Sources */,
				0A5CD0E11A8191A400E6E3BB /* yajl_gen.c in Sources */,
				0A5CD0E31A8191A400E6E3BB /* yajl_lex.c in Sources */,
				0A345AF719D5DA9E00E3C01F /* JsonModelGenTest.xcdatamodeld in Sources */,
				0A345AF119D5DA9E00E3C01F /* main.m in Sources */,
				0A5CD0EF1A8191A400E6E3BB /* JSONMorphoModel.m in Sources */,
				0A5CD0E51A8191A400E6E3BB /* yajl_parser.c in Sources */,
				0A5CD0EB1A8191A400E6E3BB /* ISO8601DateFormatter.m in Sources */,
				0A5CD0DB1A8191A400E6E3BB /* yajl_alloc.c in Sources */,
				0A5CD0F11A8191A400E6E3BB /* TRFriends.m in Sources */,
				0A5CD0ED1A8191A400E6E3BB /* JSONModelSchema.m in Sources */,
				0A5CD0F31A8191A400E6E3BB /* TRJSONModelLoader.m in Sources */,
				0A5CD0DF1A8191A400E6E3BB /* yajl_encode.c in Sources */,
			);
			runOnlyForDeploymentPostprocessing = 0;
		};
		0A345B0619D5DA9E00E3C01F /* Sources */ = {
			isa = PBXSourcesBuildPhase;
			buildActionMask = 2147483647;
			files = (
				0A5CD0EE1A8191A400E6E3BB /* JSONModelSchema.m in Sources */,
				0A5CD0F01A8191A400E6E3BB /* JSONMorphoModel.m in Sources */,
				0A345B1119D5DA9E00E3C01F /* JsonModelGenTestTests.m in Sources */,
				0A5CD0E41A8191A400E6E3BB /* yajl_lex.c in Sources */,
				0A5CD0E81A8191A400E6E3BB /* yajl_tree.c in Sources */,
				0A5CD0E61A8191A400E6E3BB /* yajl_parser.c in Sources */,
				0A5CD0EC1A8191A400E6E3BB /* ISO8601DateFormatter.m in Sources */,
				0A5CD0EA1A8191A400E6E3BB /* yajl_version.c in Sources */,
				0A5CD0DA1A8191A400E6E3BB /* yajl.c in Sources */,
				0A5CD0DC1A8191A400E6E3BB /* yajl_alloc.c in Sources */,
				0A5CD0F61A8191A400E6E3BB /* TRName.m in Sources */,
				0A5CD0DE1A8191A400E6E3BB /* yajl_buf.c in Sources */,
				0A5CD0F21A8191A400E6E3BB /* TRFriends.m in Sources */,
				0A5CD0E21A8191A400E6E3BB /* yajl_gen.c in Sources */,
				0A5CD0F41A8191A400E6E3BB /* TRJSONModelLoader.m in Sources */,
				0A5CD0F81A8191A400E6E3BB /* TRTestData.m in Sources */,
				0A5CD0E01A8191A400E6E3BB /* yajl_encode.c in Sources */,
			);
			runOnlyForDeploymentPostprocessing = 0;
		};
/* End PBXSourcesBuildPhase section */

/* Begin PBXTargetDependency section */
		0A345B0C19D5DA9E00E3C01F /* PBXTargetDependency */ = {
			isa = PBXTargetDependency;
			target = 0A345AEA19D5DA9E00E3C01F /* JsonModelGenTest */;
			targetProxy = 0A345B0B19D5DA9E00E3C01F /* PBXContainerItemProxy */;
		};
/* End PBXTargetDependency section */

/* Begin PBXVariantGroup section */
		0A345AFE19D5DA9E00E3C01F /* Main.storyboard */ = {
			isa = PBXVariantGroup;
			children = (
				0A345AFF19D5DA9E00E3C01F /* Base */,
			);
			name = Main.storyboard;
			sourceTree = "<group>";
		};
		0A345B0319D5DA9E00E3C01F /* LaunchScreen.xib */ = {
			isa = PBXVariantGroup;
			children = (
				0A345B0419D5DA9E00E3C01F /* Base */,
			);
			name = LaunchScreen.xib;
			sourceTree = "<group>";
		};
/* End PBXVariantGroup section */

/* Begin XCBuildConfiguration section */
		0A345B1219D5DA9E00E3C01F /* Debug */ = {
			isa = XCBuildConfiguration;
			buildSettings = {
				ALWAYS_SEARCH_USER_PATHS = NO;
				CLANG_CXX_LANGUAGE_STANDARD = "gnu++0x";
				CLANG_CXX_LIBRARY = "libc++";
				CLANG_ENABLE_MODULES = YES;
				CLANG_ENABLE_OBJC_ARC = YES;
				CLANG_WARN_BOOL_CONVERSION = YES;
				CLANG_WARN_CONSTANT_CONVERSION = YES;
				CLANG_WARN_DIRECT_OBJC_ISA_USAGE = YES_ERROR;
				CLANG_WARN_EMPTY_BODY = YES;
				CLANG_WARN_ENUM_CONVERSION = YES;
				CLANG_WARN_INT_CONVERSION = YES;
				CLANG_WARN_OBJC_ROOT_CLASS = YES_ERROR;
				CLANG_WARN_UNREACHABLE_CODE = YES;
				CLANG_WARN__DUPLICATE_METHOD_MATCH = YES;
				"CODE_SIGN_IDENTITY[sdk=iphoneos*]" = "iPhone Developer";
				COPY_PHASE_STRIP = NO;
				ENABLE_STRICT_OBJC_MSGSEND = YES;
				GCC_C_LANGUAGE_STANDARD = gnu99;
				GCC_DYNAMIC_NO_PIC = NO;
				GCC_OPTIMIZATION_LEVEL = 0;
				GCC_PREPROCESSOR_DEFINITIONS = (
					"DEBUG=1",
					"$(inherited)",
				);
				GCC_SYMBOLS_PRIVATE_EXTERN = NO;
				GCC_WARN_64_TO_32_BIT_CONVERSION = YES;
				GCC_WARN_ABOUT_RETURN_TYPE = YES_ERROR;
				GCC_WARN_UNDECLARED_SELECTOR = YES;
				GCC_WARN_UNINITIALIZED_AUTOS = YES_AGGRESSIVE;
				GCC_WARN_UNUSED_FUNCTION = YES;
				GCC_WARN_UNUSED_VARIABLE = YES;
				IPHONEOS_DEPLOYMENT_TARGET = 8.0;
				MTL_ENABLE_DEBUG_INFO = YES;
				ONLY_ACTIVE_ARCH = YES;
				SDKROOT = iphoneos;
				TARGETED_DEVICE_FAMILY = "1,2";
			};
			name = Debug;
		};
		0A345B1319D5DA9E00E3C01F /* Release */ = {
			isa = XCBuildConfiguration;
			buildSettings = {
				ALWAYS_SEARCH_USER_PATHS = NO;
				CLANG_CXX_LANGUAGE_STANDARD = "gnu++0x";
				CLANG_CXX_LIBRARY = "libc++";
				CLANG_ENABLE_MODULES = YES;
				CLANG_ENABLE_OBJC_ARC = YES;
				CLANG_WARN_BOOL_CONVERSION = YES;
				CLANG_WARN_CONSTANT_CONVERSION = YES;
				CLANG_WARN_DIRECT_OBJC_ISA_USAGE = YES_ERROR;
				CLANG_WARN_EMPTY_BODY = YES;
				CLANG_WARN_ENUM_CONVERSION = YES;
				CLANG_WARN_INT_CONVERSION = YES;
				CLANG_WARN_OBJC_ROOT_CLASS = YES_ERROR;
				CLANG_WARN_UNREACHABLE_CODE = YES;
				CLANG_WARN__DUPLICATE_METHOD_MATCH = YES;
				"CODE_SIGN_IDENTITY[sdk=iphoneos*]" = "iPhone Developer";
				COPY_PHASE_STRIP = YES;
				ENABLE_NS_ASSERTIONS = NO;
				ENABLE_STRICT_OBJC_MSGSEND = YES;
				GCC_C_LANGUAGE_STANDARD = gnu99;
				GCC_WARN_64_TO_32_BIT_CONVERSION = YES;
				GCC_WARN_ABOUT_RETURN_TYPE = YES_ERROR;
				GCC_WARN_UNDECLARED_SELECTOR = YES;
				GCC_WARN_UNINITIALIZED_AUTOS = YES_AGGRESSIVE;
				GCC_WARN_UNUSED_FUNCTION = YES;
				GCC_WARN_UNUSED_VARIABLE = YES;
				IPHONEOS_DEPLOYMENT_TARGET = 8.0;
				MTL_ENABLE_DEBUG_INFO = NO;
				SDKROOT = iphoneos;
				TARGETED_DEVICE_FAMILY = "1,2";
				VALIDATE_PRODUCT = YES;
			};
			name = Release;
		};
		0A345B1519D5DA9E00E3C01F /* Debug */ = {
			isa = XCBuildConfiguration;
			buildSettings = {
				ASSETCATALOG_COMPILER_APPICON_NAME = AppIcon;
				INFOPLIST_FILE = JsonModelGenTest/Info.plist;
				LD_RUNPATH_SEARCH_PATHS = "$(inherited) @executable_path/Frameworks";
				PRODUCT_NAME = "$(TARGET_NAME)";
			};
			name = Debug;
		};
		0A345B1619D5DA9E00E3C01F /* Release */ = {
			isa = XCBuildConfiguration;
			buildSettings = {
				ASSETCATALOG_COMPILER_APPICON_NAME = AppIcon;
				INFOPLIST_FILE = JsonModelGenTest/Info.plist;
				LD_RUNPATH_SEARCH_PATHS = "$(inherited) @executable_path/Frameworks";
				PRODUCT_NAME = "$(TARGET_NAME)";
			};
			name = Release;
		};
		0A345B1819D5DA9E00E3C01F /* Debug */ = {
			isa = XCBuildConfiguration;
			buildSettings = {
				BUNDLE_LOADER = "$(TEST_HOST)";
				FRAMEWORK_SEARCH_PATHS = (
					"$(SDKROOT)/Developer/Library/Frameworks",
					"$(inherited)",
				);
				GCC_PREPROCESSOR_DEFINITIONS = (
					"DEBUG=1",
					"$(inherited)",
				);
				INFOPLIST_FILE = JsonModelGenTestTests/Info.plist;
				LD_RUNPATH_SEARCH_PATHS = "$(inherited) @executable_path/Frameworks @loader_path/Frameworks";
				PRODUCT_NAME = "$(TARGET_NAME)";
				TEST_HOST = "$(BUILT_PRODUCTS_DIR)/JsonModelGenTest.app/JsonModelGenTest";
			};
			name = Debug;
		};
		0A345B1919D5DA9E00E3C01F /* Release */ = {
			isa = XCBuildConfiguration;
			buildSettings = {
				BUNDLE_LOADER = "$(TEST_HOST)";
				FRAMEWORK_SEARCH_PATHS = (
					"$(SDKROOT)/Developer/Library/Frameworks",
					"$(inherited)",
				);
				INFOPLIST_FILE = JsonModelGenTestTests/Info.plist;
				LD_RUNPATH_SEARCH_PATHS = "$(inherited) @executable_path/Frameworks @loader_path/Frameworks";
				PRODUCT_NAME = "$(TARGET_NAME)";
				TEST_HOST = "$(BUILT_PRODUCTS_DIR)/JsonModelGenTest.app/JsonModelGenTest";
			};
			name = Release;
		};
/* End XCBuildConfiguration section */

/* Begin XCConfigurationList section */
		0A345AE619D5DA9E00E3C01F /* Build configuration list for PBXProject "JsonModelGenTest" */ = {
			isa = XCConfigurationList;
			buildConfigurations = (
				0A345B1219D5DA9E00E3C01F /* Debug */,
				0A345B1319D5DA9E00E3C01F /* Release */,
			);
			defaultConfigurationIsVisible = 0;
			defaultConfigurationName = Release;
		};
		0A345B1419D5DA9E00E3C01F /* Build configuration list for PBXNativeTarget "JsonModelGenTest" */ = {
			isa = XCConfigurationList;
			buildConfigurations = (
				0A345B1519D5DA9E00E3C01F /* Debug */,
				0A345B1619D5DA9E00E3C01F /* Release */,
			);
			defaultConfigurationIsVisible = 0;
			defaultConfigurationName = Release;
		};
		0A345B1719D5DA9E00E3C01F /* Build configuration list for PBXNativeTarget "JsonModelGenTestTests" */ = {
			isa = XCConfigurationList;
			buildConfigurations = (
				0A345B1819D5DA9E00E3C01F /* Debug */,
				0A345B1919D5DA9E00E3C01F /* Release */,
			);
			defaultConfigurationIsVisible = 0;
			defaultConfigurationName = Release;
		};
/* End XCConfigurationList section */

/* Begin XCVersionGroup section */
		0A345AF519D5DA9E00E3C01F /* JsonModelGenTest.xcdatamodeld */ = {
			isa = XCVersionGroup;
			children = (
				0A345AF619D5DA9E00E3C01F /* JsonModelGenTest.xcdatamodel */,
			);
			currentVersion = 0A345AF619D5DA9E00E3C01F /* JsonModelGenTest.xcdatamodel */;
			path = JsonModelGenTest.xcdatamodeld;
			sourceTree = "<group>";
			versionGroupType = wrapper.xcdatamodel;
		};
/* End XCVersionGroup section */
	};
	rootObject = 0A345AE319D5DA9E00E3C01F /* Project object */;
}
